packages:
- package: dbt-labs/codegen
  name: codegen
  version: 0.14.0
- package: brooklyn-data/dbt_artifacts
  name: dbt_artifacts
  version: 2.10.0
- package: godatadriven/dbt_date
  name: dbt_date
  version: 0.17.1
- package: metaplane/dbt_expectations
  name: dbt_expectations
  version: 0.10.10
- package: dbt-labs/dbt_utils
  name: dbt_utils
  version: 1.3.3
sha1_hash: 40d9cee69edf257f5002536cb814d61c2c447ec5
